{
    "name": "coloniaz65",
    "version": "1.0.0",
    "lockfileVersion": 3,
    "requires": true,
    "packages": {
        "": {
            "devDependencies": {
                "axios": "^1.6.4",
                "laravel-vite-plugin": "^1.0",
                "vite": "^5.0"
            }
        }
    }
}
